
Microsoft Visual Studio Solution File, Format Version 11.00
# Visual Studio 2010
Project("{D2ABAB84-BF74-430A-B69E-9DC6D40DDA17}") = "WarehouseCube", "WarehouseCube\WarehouseCube.dwproj", "{876A8995-B2C1-4130-83F6-3EE6741A8CAE}"
EndProject
Global
	GlobalSection(SolutionConfigurationPlatforms) = preSolution
		Development|Default = Development|Default
	EndGlobalSection
	GlobalSection(ProjectConfigurationPlatforms) = postSolution
		{876A8995-B2C1-4130-83F6-3EE6741A8CAE}.Development|Default.ActiveCfg = Development
		{876A8995-B2C1-4130-83F6-3EE6741A8CAE}.Development|Default.Build.0 = Development
		{876A8995-B2C1-4130-83F6-3EE6741A8CAE}.Development|Default.Deploy.0 = Development
	EndGlobalSection
	GlobalSection(SolutionProperties) = preSolution
		HideSolutionNode = FALSE
	EndGlobalSection
EndGlobal
